
Microsoft Visual Studio Solution File, Format Version 12.00
# Visual Studio Version 17
VisualStudioVersion = 17.3.32922.545
MinimumVisualStudioVersion = 10.0.40219.1
Project("{FAE04EC0-301F-11D3-BF4B-00C04F79EFBC}") = "RL_Test3", "RL_Test3\RL_Test3.csproj", "{BC06C513-8029-468A-BE67-1F3651482C84}"
EndProject
Project("{FAE04EC0-301F-11D3-BF4B-00C04F79EFBC}") = "TestProject1", "TestProject1\TestProject1.csproj", "{4238C408-7528-4257-AA3D-AF8E633D2806}"
EndProject
Global
	GlobalSection(SolutionConfigurationPlatforms) = preSolution
		Debug|Any CPU = Debug|Any CPU
		Release|Any CPU = Release|Any CPU
	EndGlobalSection
	GlobalSection(ProjectConfigurationPlatforms) = postSolution
		{BC06C513-8029-468A-BE67-1F3651482C84}.Debug|Any CPU.ActiveCfg = Debug|Any CPU
		{BC06C513-8029-468A-BE67-1F3651482C84}.Debug|Any CPU.Build.0 = Debug|Any CPU
		{BC06C513-8029-468A-BE67-1F3651482C84}.Release|Any CPU.ActiveCfg = Release|Any CPU
		{BC06C513-8029-468A-BE67-1F3651482C84}.Release|Any CPU.Build.0 = Release|Any CPU
		{4238C408-7528-4257-AA3D-AF8E633D2806}.Debug|Any CPU.ActiveCfg = Debug|Any CPU
		{4238C408-7528-4257-AA3D-AF8E633D2806}.Debug|Any CPU.Build.0 = Debug|Any CPU
		{4238C408-7528-4257-AA3D-AF8E633D2806}.Release|Any CPU.ActiveCfg = Release|Any CPU
		{4238C408-7528-4257-AA3D-AF8E633D2806}.Release|Any CPU.Build.0 = Release|Any CPU
	EndGlobalSection
	GlobalSection(SolutionProperties) = preSolution
		HideSolutionNode = FALSE
	EndGlobalSection
	GlobalSection(ExtensibilityGlobals) = postSolution
		SolutionGuid = {FF9C2116-26CE-41A9-9D35-62BEF06362CB}
	EndGlobalSection
EndGlobal
